
Microsoft Visual Studio Solution File, Format Version 12.00
# Visual Studio Version 17
VisualStudioVersion = 17.2.32616.157
MinimumVisualStudioVersion = 10.0.40219.1
Project("{FAE04EC0-301F-11D3-BF4B-00C04F79EFBC}") = "AddressBook", "AddressBook\AddressBook.csproj", "{64A57FF9-C03D-40D6-BD1B-322162C36EA8}"
EndProject
Global
	GlobalSection(SolutionConfigurationPlatforms) = preSolution
		Debug|Any CPU = Debug|Any CPU
		Release|Any CPU = Release|Any CPU
	EndGlobalSection
	GlobalSection(ProjectConfigurationPlatforms) = postSolution
		{64A57FF9-C03D-40D6-BD1B-322162C36EA8}.Debug|Any CPU.ActiveCfg = Debug|Any CPU
		{64A57FF9-C03D-40D6-BD1B-322162C36EA8}.Debug|Any CPU.Build.0 = Debug|Any CPU
		{64A57FF9-C03D-40D6-BD1B-322162C36EA8}.Release|Any CPU.ActiveCfg = Release|Any CPU
		{64A57FF9-C03D-40D6-BD1B-322162C36EA8}.Release|Any CPU.Build.0 = Release|Any CPU
	EndGlobalSection
	GlobalSection(SolutionProperties) = preSolution
		HideSolutionNode = FALSE
	EndGlobalSection
	GlobalSection(ExtensibilityGlobals) = postSolution
		SolutionGuid = {DCDB3B34-0319-4AB1-AD6C-683170AFDAAB}
	EndGlobalSection
EndGlobal
